{
  "name": "owners-db",
  "version": "1.0.0",
  "lockfileVersion": 3,
  "requires": true,
  "packages": {
    "": {
      "name": "owners-db",
      "version": "1.0.0",
      "license": "MIT",
      "dependencies": {
        "tsx": "^4.23.13",
        "typescript": "^7.0.2",
        "yauzl": "3.4.0"
      },
      "devDependencies": {
        "@types/node": "^24.13.3",
        "@types/yauzl": "3.4.0"
      },
      "engines": {
        "node": ">=22"
      }
    },
    "node_modules/@esbuild/aix-ppc64": {
      "version": "0.28.2",
      "resolved": "https://pkgs.dev.azure.com/vcpkg/public/_packaging/vcpkg-ownersdb/npm/registry/@esbuild/aix-ppc64/-/aix-ppc64-0.28.2.tgz",
      "integrity": "sha1-v24QMDvPLnxoaXX6Uvk37Cco2Lw=",
      "cpu": [
        "ppc64"
      ],
      "license": "MIT",
      "optional": true,
      "os": [
        "aix"
      ],
      "engines": {
        "node": ">=18"
      }
    },
    "node_modules/@esbuild/android-arm": {
      "version": "0.28.2",
      "resolved": "https://pkgs.dev.azure.com/vcpkg/public/_packaging/vcpkg-ownersdb/npm/registry/@esbuild/android-arm/-/android-arm-0.28.2.tgz",
      "integrity": "sha1-LYTs5qTiaE2SvibuE9QnV9gxw4E=",
      "cpu": [
        "arm"
      ],
      "license": "MIT",
      "optional": true,
      "os": [
        "android"
      ],
      "engines": {
        "node": ">=18"
      }
    },
    "node_modules/@esbuild/android-arm64": {
      "version": "0.28.2",
      "resolved": "https://pkgs.dev.azure.com/vcpkg/public/_packaging/vcpkg-ownersdb/npm/registry/@esbuild/android-arm64/-/android-arm64-0.28.2.tgz",
      "integrity": "sha1-DGJGvI0sTRcqrC2z+xGQ1yvWVQQ=",
      "cpu": [
        "arm64"
      ],
      "license": "MIT",
      "optional": true,
      "os": [
        "android"
      ],
      "engines": {
        "node": ">=18"
      }
    },
    "node_modules/@esbuild/android-x64": {
      "version": "0.28.2",
      "resolved": "https://pkgs.dev.azure.com/vcpkg/public/_packaging/vcpkg-ownersdb/npm/registry/@esbuild/android-x64/-/android-x64-0.28.2.tgz",
      "integrity": "sha1-/DjU1jWNjcHPU/CfdYn+Q262SAE=",
      "cpu": [
        "x64"
      ],
      "license": "MIT",
      "optional": true,
      "os": [
        "android"
      ],
      "engines": {
        "node": ">=18"
      }
    },
    "node_modules/@esbuild/darwin-arm64": {
      "version": "0.28.2",
      "resolved": "https://pkgs.dev.azure.com/vcpkg/public/_packaging/vcpkg-ownersdb/npm/registry/@esbuild/darwin-arm64/-/darwin-arm64-0.28.2.tgz",
      "integrity": "sha1-+Dr+6sHX2sAcei/QErPkUaBZH8w=",
      "cpu": [
        "arm64"
      ],
      "license": "MIT",
      "optional": true,
      "os": [
        "darwin"
      ],
      "engines": {
        "node": ">=18"
      }
    },
    "node_modules/@esbuild/darwin-x64": {
      "version": "0.28.2",
      "resolved": "https://pkgs.dev.azure.com/vcpkg/public/_packaging/vcpkg-ownersdb/npm/registry/@esbuild/darwin-x64/-/darwin-x64-0.28.2.tgz",
      "integrity": "sha1-UQFHwFWnlViNu+FP1rG4rQovMN4=",
      "cpu": [
        "x64"
      ],
      "license": "MIT",
      "optional": true,
      "os": [
        "darwin"
      ],
      "engines": {
        "node": ">=18"
      }
    },
    "node_modules/@esbuild/freebsd-arm64": {
      "version": "0.28.2",
      "resolved": "https://pkgs.dev.azure.com/vcpkg/public/_packaging/vcpkg-ownersdb/npm/registry/@esbuild/freebsd-arm64/-/freebsd-arm64-0.28.2.tgz",
      "integrity": "sha1-CTuSAOzwsRW6Tl4kinSFycX4vV4=",
      "cpu": [
        "arm64"
      ],
      "license": "MIT",
      "optional": true,
      "os": [
        "freebsd"
      ],
      "engines": {
        "node": ">=18"
      }
    },
    "node_modules/@esbuild/freebsd-x64": {
      "version": "0.28.2",
      "resolved": "https://pkgs.dev.azure.com/vcpkg/public/_packaging/vcpkg-ownersdb/npm/registry/@esbuild/freebsd-x64/-/freebsd-x64-0.28.2.tgz",
      "integrity": "sha1-C+Irbfkl0hPoQeqHEjr134Cw+vc=",
      "cpu": [
        "x64"
      ],
      "license": "MIT",
      "optional": true,
      "os": [
        "freebsd"
      ],
      "engines": {
        "node": ">=18"
      }
    },
    "node_modules/@esbuild/linux-arm": {
      "version": "0.28.2",
      "resolved": "https://pkgs.dev.azure.com/vcpkg/public/_packaging/vcpkg-ownersdb/npm/registry/@esbuild/linux-arm/-/linux-arm-0.28.2.tgz",
      "integrity": "sha1-vrEq1yuE9y0oSIzBuO6ffrFB11M=",
      "cpu": [
        "arm"
      ],
      "license": "MIT",
      "optional": true,
      "os": [
        "linux"
      ],
      "engines": {
        "node": ">=18"
      }
    },
    "node_modules/@esbuild/linux-arm64": {
      "version": "0.28.2",
      "resolved": "https://pkgs.dev.azure.com/vcpkg/public/_packaging/vcpkg-ownersdb/npm/registry/@esbuild/linux-arm64/-/linux-arm64-0.28.2.tgz",
      "integrity": "sha1-G9vGUc2pupmVxT7ZxxzqplCUdi0=",
      "cpu": [
        "arm64"
      ],
      "license": "MIT",
      "optional": true,
      "os": [
        "linux"
      ],
      "engines": {
        "node": ">=18"
      }
    },
    "node_modules/@esbuild/linux-ia32": {
      "version": "0.28.2",
      "resolved": "https://pkgs.dev.azure.com/vcpkg/public/_packaging/vcpkg-ownersdb/npm/registry/@esbuild/linux-ia32/-/linux-ia32-0.28.2.tgz",
      "integrity": "sha1-uB+dVVKbRcIGpGoTghSxqmh5aWs=",
      "cpu": [
        "ia32"
      ],
      "license": "MIT",
      "optional": true,
      "os": [
        "linux"
      ],
      "engines": {
        "node": ">=18"
      }
    },
    "node_modules/@esbuild/linux-loong64": {
      "version": "0.28.2",
      "resolved": "https://pkgs.dev.azure.com/vcpkg/public/_packaging/vcpkg-ownersdb/npm/registry/@esbuild/linux-loong64/-/linux-loong64-0.28.2.tgz",
      "integrity": "sha1-WYZnJBoEyZt27W75QKxQA4xBn5g=",
      "cpu": [
        "loong64"
      ],
      "license": "MIT",
      "optional": true,
      "os": [
        "linux"
      ],
      "engines": {
        "node": ">=18"
      }
    },
    "node_modules/@esbuild/linux-mips64el": {
      "version": "0.28.2",
      "resolved": "https://pkgs.dev.azure.com/vcpkg/public/_packaging/vcpkg-ownersdb/npm/registry/@esbuild/linux-mips64el/-/linux-mips64el-0.28.2.tgz",
      "integrity": "sha1-HFHrnOqQP1PZe1rzsYQdtw9Vlso=",
      "cpu": [
        "mips64el"
      ],
      "license": "MIT",
      "optional": true,
      "os": [
        "linux"
      ],
      "engines": {
        "node": ">=18"
      }
    },
    "node_modules/@esbuild/linux-ppc64": {
      "version": "0.28.2",
      "resolved": "https://pkgs.dev.azure.com/vcpkg/public/_packaging/vcpkg-ownersdb/npm/registry/@esbuild/linux-ppc64/-/linux-ppc64-0.28.2.tgz",
      "integrity": "sha1-Y91h8XzrMagSJ/QT/qyKcbwsUfI=",
      "cpu": [
        "ppc64"
      ],
      "license": "MIT",
      "optional": true,
      "os": [
        "linux"
      ],
      "engines": {
        "node": ">=18"
      }
    },
    "node_modules/@esbuild/linux-riscv64": {
      "version": "0.28.2",
      "resolved": "https://pkgs.dev.azure.com/vcpkg/public/_packaging/vcpkg-ownersdb/npm/registry/@esbuild/linux-riscv64/-/linux-riscv64-0.28.2.tgz",
      "integrity": "sha1-N2Owj95c8lqx+suOd1Lt/kX7/Cc=",
      "cpu": [
        "riscv64"
      ],
      "license": "MIT",
      "optional": true,
      "os": [
        "linux"
      ],
      "engines": {
        "node": ">=18"
      }
    },
    "node_modules/@esbuild/linux-s390x": {
      "version": "0.28.2",
      "resolved": "https://pkgs.dev.azure.com/vcpkg/public/_packaging/vcpkg-ownersdb/npm/registry/@esbuild/linux-s390x/-/linux-s390x-0.28.2.tgz",
      "integrity": "sha1-GhN/8pOoKQbrMXY4W9fo4OXPt8s=",
      "cpu": [
        "s390x"
      ],
      "license": "MIT",
      "optional": true,
      "os": [
        "linux"
      ],
      "engines": {
        "node": ">=18"
      }
    },
    "node_modules/@esbuild/linux-x64": {
      "version": "0.28.2",
      "resolved": "https://pkgs.dev.azure.com/vcpkg/public/_packaging/vcpkg-ownersdb/npm/registry/@esbuild/linux-x64/-/linux-x64-0.28.2.tgz",
      "integrity": "sha1-Jos2IRwUbKVPj+EsV4qNbviXlIU=",
      "cpu": [
        "x64"
      ],
      "license": "MIT",
      "optional": true,
      "os": [
        "linux"
      ],
      "engines": {
        "node": ">=18"
      }
    },
    "node_modules/@esbuild/netbsd-arm64": {
      "version": "0.28.2",
      "resolved": "https://pkgs.dev.azure.com/vcpkg/public/_packaging/vcpkg-ownersdb/npm/registry/@esbuild/netbsd-arm64/-/netbsd-arm64-0.28.2.tgz",
      "integrity": "sha1-Ilca2VHWK7aszILY0frVyMGsC6E=",
      "cpu": [
        "arm64"
      ],
      "license": "MIT",
      "optional": true,
      "os": [
        "netbsd"
      ],
      "engines": {
        "node": ">=18"
      }
    },
    "node_modules/@esbuild/netbsd-x64": {
      "version": "0.28.2",
      "resolved": "https://pkgs.dev.azure.com/vcpkg/public/_packaging/vcpkg-ownersdb/npm/registry/@esbuild/netbsd-x64/-/netbsd-x64-0.28.2.tgz",
      "integrity": "sha1-QvzFcpfrCgyj9fxHUpH0waP3wN4=",
      "cpu": [
        "x64"
      ],
      "license": "MIT",
      "optional": true,
      "os": [
        "netbsd"
      ],
      "engines": {
        "node": ">=18"
      }
    },
    "node_modules/@esbuild/openbsd-arm64": {
      "version": "0.28.2",
      "resolved": "https://pkgs.dev.azure.com/vcpkg/public/_packaging/vcpkg-ownersdb/npm/registry/@esbuild/openbsd-arm64/-/openbsd-arm64-0.28.2.tgz",
      "integrity": "sha1-nrMq8QSsPaz07coB9ZZmSqsMc+8=",
      "cpu": [
        "arm64"
      ],
      "license": "MIT",
      "optional": true,
      "os": [
        "openbsd"
      ],
      "engines": {
        "node": ">=18"
      }
    },
    "node_modules/@esbuild/openbsd-x64": {
      "version": "0.28.2",
      "resolved": "https://pkgs.dev.azure.com/vcpkg/public/_packaging/vcpkg-ownersdb/npm/registry/@esbuild/openbsd-x64/-/openbsd-x64-0.28.2.tgz",
      "integrity": "sha1-/r7SQC1giCJekfIPtM4lIq0KTv0=",
      "cpu": [
        "x64"
      ],
      "license": "MIT",
      "optional": true,
      "os": [
        "openbsd"
      ],
      "engines": {
        "node": ">=18"
      }
    },
    "node_modules/@esbuild/openharmony-arm64": {
      "version": "0.28.2",
      "resolved": "https://pkgs.dev.azure.com/vcpkg/public/_packaging/vcpkg-ownersdb/npm/registry/@esbuild/openharmony-arm64/-/openharmony-arm64-0.28.2.tgz",
      "integrity": "sha1-hWQcPUZkKL+8zqXyHCaDZmP+9c4=",
      "cpu": [
        "arm64"
      ],
      "license": "MIT",
      "optional": true,
      "os": [
        "openharmony"
      ],
      "engines": {
        "node": ">=18"
      }
    },
    "node_modules/@esbuild/sunos-x64": {
      "version": "0.28.2",
      "resolved": "https://pkgs.dev.azure.com/vcpkg/public/_packaging/vcpkg-ownersdb/npm/registry/@esbuild/sunos-x64/-/sunos-x64-0.28.2.tgz",
      "integrity": "sha1-pzb52JYkgQRfxMPlT1R58iyHD7Q=",
      "cpu": [
        "x64"
      ],
      "license": "MIT",
      "optional": true,
      "os": [
        "sunos"
      ],
      "engines": {
        "node": ">=18"
      }
    },
    "node_modules/@esbuild/win32-arm64": {
      "version": "0.28.2",
      "resolved": "https://pkgs.dev.azure.com/vcpkg/public/_packaging/vcpkg-ownersdb/npm/registry/@esbuild/win32-arm64/-/win32-arm64-0.28.2.tgz",
      "integrity": "sha1-7lq0D60YYgG2UqM/il6xSenkJTI=",
      "cpu": [
        "arm64"
      ],
      "license": "MIT",
      "optional": true,
      "os": [
        "win32"
      ],
      "engines": {
        "node": ">=18"
      }
    },
    "node_modules/@esbuild/win32-ia32": {
      "version": "0.28.2",
      "resolved": "https://pkgs.dev.azure.com/vcpkg/public/_packaging/vcpkg-ownersdb/npm/registry/@esbuild/win32-ia32/-/win32-ia32-0.28.2.tgz",
      "integrity": "sha1-xA0optmaEn2mcR8q/XSxHLY7Bqc=",
      "cpu": [
        "ia32"
      ],
      "license": "MIT",
      "optional": true,
      "os": [
        "win32"
      ],
      "engines": {
        "node": ">=18"
      }
    },
    "node_modules/@esbuild/win32-x64": {
      "version": "0.28.2",
      "resolved": "https://pkgs.dev.azure.com/vcpkg/public/_packaging/vcpkg-ownersdb/npm/registry/@esbuild/win32-x64/-/win32-x64-0.28.2.tgz",
      "integrity": "sha1-shr/uATMFnwTPZX0WzodwTI7moc=",
      "cpu": [
        "x64"
      ],
      "license": "MIT",
      "optional": true,
      "os": [
        "win32"
      ],
      "engines": {
        "node": ">=18"
      }
    },
    "node_modules/@types/node": {
      "version": "24.13.3",
      "resolved": "https://pkgs.dev.azure.com/vcpkg/public/_packaging/vcpkg-ownersdb/npm/registry/@types/node/-/node-24.13.3.tgz",
      "integrity": "sha1-SfGL08ZHhm3NpRoHVsFF4UWQzhY=",
      "dev": true,
      "license": "MIT",
      "dependencies": {
        "undici-types": "~7.18.0"
      }
    },
    "node_modules/@types/yauzl": {
      "version": "3.4.0",
      "resolved": "https://pkgs.dev.azure.com/vcpkg/public/_packaging/vcpkg-ownersdb/npm/registry/@types/yauzl/-/yauzl-3.4.0.tgz",
      "integrity": "sha1-k94X2xWJRy0wtOEGxedxG88ypek=",
      "dev": true,
      "license": "MIT",
      "dependencies": {
        "@types/node": "*"
      }
    },
    "node_modules/@typescript/typescript-aix-ppc64": {
      "version": "7.0.2",
      "resolved": "https://pkgs.dev.azure.com/vcpkg/public/_packaging/vcpkg-ownersdb/npm/registry/@typescript/typescript-aix-ppc64/-/typescript-aix-ppc64-7.0.2.tgz",
      "integrity": "sha1-zcfOgdYPHgkDSWDd+x+4gNendrY=",
      "cpu": [
        "ppc64"
      ],
      "license": "Apache-2.0",
      "optional": true,
      "os": [
        "aix"
      ],
      "engines": {
        "node": ">=16.20.0"
      }
    },
    "node_modules/@typescript/typescript-darwin-arm64": {
      "version": "7.0.2",
      "resolved": "https://pkgs.dev.azure.com/vcpkg/public/_packaging/vcpkg-ownersdb/npm/registry/@typescript/typescript-darwin-arm64/-/typescript-darwin-arm64-7.0.2.tgz",
      "integrity": "sha1-pV/fz6WN9Y0n2yI3zealweNacjU=",
      "cpu": [
        "arm64"
      ],
      "license": "Apache-2.0",
      "optional": true,
      "os": [
        "darwin"
      ],
      "engines": {
        "node": ">=16.20.0"
      }
    },
    "node_modules/@typescript/typescript-darwin-x64": {
      "version": "7.0.2",
      "resolved": "https://pkgs.dev.azure.com/vcpkg/public/_packaging/vcpkg-ownersdb/npm/registry/@typescript/typescript-darwin-x64/-/typescript-darwin-x64-7.0.2.tgz",
      "integrity": "sha1-ONHJFygAqR1we+xk0qNwoBZjTbQ=",
      "cpu": [
        "x64"
      ],
      "license": "Apache-2.0",
      "optional": true,
      "os": [
        "darwin"
      ],
      "engines": {
        "node": ">=16.20.0"
      }
    },
    "node_modules/@typescript/typescript-freebsd-arm64": {
      "version": "7.0.2",
      "resolved": "https://pkgs.dev.azure.com/vcpkg/public/_packaging/vcpkg-ownersdb/npm/registry/@typescript/typescript-freebsd-arm64/-/typescript-freebsd-arm64-7.0.2.tgz",
      "integrity": "sha1-8f+IEAMLNdK1vg22otxlBGDqlPo=",
      "cpu": [
        "arm64"
      ],
      "license": "Apache-2.0",
      "optional": true,
      "os": [
        "freebsd"
      ],
      "engines": {
        "node": ">=16.20.0"
      }
    },
    "node_modules/@typescript/typescript-freebsd-x64": {
      "version": "7.0.2",
      "resolved": "https://pkgs.dev.azure.com/vcpkg/public/_packaging/vcpkg-ownersdb/npm/registry/@typescript/typescript-freebsd-x64/-/typescript-freebsd-x64-7.0.2.tgz",
      "integrity": "sha1-PYawPzU8WxupUWLrbONVM7/ClL0=",
      "cpu": [
        "x64"
      ],
      "license": "Apache-2.0",
      "optional": true,
      "os": [
        "freebsd"
      ],
      "engines": {
        "node": ">=16.20.0"
      }
    },
    "node_modules/@typescript/typescript-linux-arm": {
      "version": "7.0.2",
      "resolved": "https://pkgs.dev.azure.com/vcpkg/public/_packaging/vcpkg-ownersdb/npm/registry/@typescript/typescript-linux-arm/-/typescript-linux-arm-7.0.2.tgz",
      "integrity": "sha1-rZS0HhruKk3MaimMe2fEM0X94y4=",
      "cpu": [
        "arm"
      ],
      "license": "Apache-2.0",
      "optional": true,
      "os": [
        "linux"
      ],
      "engines": {
        "node": ">=16.20.0"
      }
    },
    "node_modules/@typescript/typescript-linux-arm64": {
      "version": "7.0.2",
      "resolved": "https://pkgs.dev.azure.com/vcpkg/public/_packaging/vcpkg-ownersdb/npm/registry/@typescript/typescript-linux-arm64/-/typescript-linux-arm64-7.0.2.tgz",
      "integrity": "sha1-2TNNltbaxv+F2pyGVYiUjek56R8=",
      "cpu": [
        "arm64"
      ],
      "license": "Apache-2.0",
      "optional": true,
      "os": [
        "linux"
      ],
      "engines": {
        "node": ">=16.20.0"
      }
    },
    "node_modules/@typescript/typescript-linux-loong64": {
      "version": "7.0.2",
      "resolved": "https://pkgs.dev.azure.com/vcpkg/public/_packaging/vcpkg-ownersdb/npm/registry/@typescript/typescript-linux-loong64/-/typescript-linux-loong64-7.0.2.tgz",
      "integrity": "sha1-KWWu5PyHM2ATnYk9qv5jl6KROK0=",
      "cpu": [
        "loong64"
      ],
      "license": "Apache-2.0",
      "optional": true,
      "os": [
        "linux"
      ],
      "engines": {
        "node": ">=16.20.0"
      }
    },
    "node_modules/@typescript/typescript-linux-mips64el": {
      "version": "7.0.2",
      "resolved": "https://pkgs.dev.azure.com/vcpkg/public/_packaging/vcpkg-ownersdb/npm/registry/@typescript/typescript-linux-mips64el/-/typescript-linux-mips64el-7.0.2.tgz",
      "integrity": "sha1-Goh6MRvtOoM/gL/Uqe03wnGTbPA=",
      "cpu": [
        "mips64el"
      ],
      "license": "Apache-2.0",
      "optional": true,
      "os": [
        "linux"
      ],
      "engines": {
        "node": ">=16.20.0"
      }
    },
    "node_modules/@typescript/typescript-linux-ppc64": {
      "version": "7.0.2",
      "resolved": "https://pkgs.dev.azure.com/vcpkg/public/_packaging/vcpkg-ownersdb/npm/registry/@typescript/typescript-linux-ppc64/-/typescript-linux-ppc64-7.0.2.tgz",
      "integrity": "sha1-i2PJsvRFs5PrTkPsIdoiXa3jV30=",
      "cpu": [
        "ppc64"
      ],
      "license": "Apache-2.0",
      "optional": true,
      "os": [
        "linux"
      ],
      "engines": {
        "node": ">=16.20.0"
      }
    },
    "node_modules/@typescript/typescript-linux-riscv64": {
      "version": "7.0.2",
      "resolved": "https://pkgs.dev.azure.com/vcpkg/public/_packaging/vcpkg-ownersdb/npm/registry/@typescript/typescript-linux-riscv64/-/typescript-linux-riscv64-7.0.2.tgz",
      "integrity": "sha1-tuijXCibPql6kqQdRhqu7Q07NuE=",
      "cpu": [
        "riscv64"
      ],
      "license": "Apache-2.0",
      "optional": true,
      "os": [
        "linux"
      ],
      "engines": {
        "node": ">=16.20.0"
      }
    },
    "node_modules/@typescript/typescript-linux-s390x": {
      "version": "7.0.2",
      "resolved": "https://pkgs.dev.azure.com/vcpkg/public/_packaging/vcpkg-ownersdb/npm/registry/@typescript/typescript-linux-s390x/-/typescript-linux-s390x-7.0.2.tgz",
      "integrity": "sha1-Lvlmk75IYfbReWVCflsAnLvtGj4=",
      "cpu": [
        "s390x"
      ],
      "license": "Apache-2.0",
      "optional": true,
      "os": [
        "linux"
      ],
      "engines": {
        "node": ">=16.20.0"
      }
    },
    "node_modules/@typescript/typescript-linux-x64": {
      "version": "7.0.2",
      "resolved": "https://pkgs.dev.azure.com/vcpkg/public/_packaging/vcpkg-ownersdb/npm/registry/@typescript/typescript-linux-x64/-/typescript-linux-x64-7.0.2.tgz",
      "integrity": "sha1-cyacsLq6UK6gygYERaa4jlg/HOI=",
      "cpu": [
        "x64"
      ],
      "license": "Apache-2.0",
      "optional": true,
      "os": [
        "linux"
      ],
      "engines": {
        "node": ">=16.20.0"
      }
    },
    "node_modules/@typescript/typescript-netbsd-arm64": {
      "version": "7.0.2",
      "resolved": "https://pkgs.dev.azure.com/vcpkg/public/_packaging/vcpkg-ownersdb/npm/registry/@typescript/typescript-netbsd-arm64/-/typescript-netbsd-arm64-7.0.2.tgz",
      "integrity": "sha1-OjZJ+X+vohC05uN5jBXgZgXIqQE=",
      "cpu": [
        "arm64"
      ],
      "license": "Apache-2.0",
      "optional": true,
      "os": [
        "netbsd"
      ],
      "engines": {
        "node": ">=16.20.0"
      }
    },
    "node_modules/@typescript/typescript-netbsd-x64": {
      "version": "7.0.2",
      "resolved": "https://pkgs.dev.azure.com/vcpkg/public/_packaging/vcpkg-ownersdb/npm/registry/@typescript/typescript-netbsd-x64/-/typescript-netbsd-x64-7.0.2.tgz",
      "integrity": "sha1-R+xZSRpAxHDSgH3E0rglUo/Zeas=",
      "cpu": [
        "x64"
      ],
      "license": "Apache-2.0",
      "optional": true,
      "os": [
        "netbsd"
      ],
      "engines": {
        "node": ">=16.20.0"
      }
    },
    "node_modules/@typescript/typescript-openbsd-arm64": {
      "version": "7.0.2",
      "resolved": "https://pkgs.dev.azure.com/vcpkg/public/_packaging/vcpkg-ownersdb/npm/registry/@typescript/typescript-openbsd-arm64/-/typescript-openbsd-arm64-7.0.2.tgz",
      "integrity": "sha1-eWvo2gvZidij+5bygB44qDZbS68=",
      "cpu": [
        "arm64"
      ],
      "license": "Apache-2.0",
      "optional": true,
      "os": [
        "openbsd"
      ],
      "engines": {
        "node": ">=16.20.0"
      }
    },
    "node_modules/@typescript/typescript-openbsd-x64": {
      "version": "7.0.2",
      "resolved": "https://pkgs.dev.azure.com/vcpkg/public/_packaging/vcpkg-ownersdb/npm/registry/@typescript/typescript-openbsd-x64/-/typescript-openbsd-x64-7.0.2.tgz",
      "integrity": "sha1-03/ipynrlCwHbEVO5/GBX699Vg8=",
      "cpu": [
        "x64"
      ],
      "license": "Apache-2.0",
      "optional": true,
      "os": [
        "openbsd"
      ],
      "engines": {
        "node": ">=16.20.0"
      }
    },
    "node_modules/@typescript/typescript-sunos-x64": {
      "version": "7.0.2",
      "resolved": "https://pkgs.dev.azure.com/vcpkg/public/_packaging/vcpkg-ownersdb/npm/registry/@typescript/typescript-sunos-x64/-/typescript-sunos-x64-7.0.2.tgz",
      "integrity": "sha1-q6jTRkw1ZacER4m6upaRa9SrLIg=",
      "cpu": [
        "x64"
      ],
      "license": "Apache-2.0",
      "optional": true,
      "os": [
        "sunos"
      ],
      "engines": {
        "node": ">=16.20.0"
      }
    },
    "node_modules/@typescript/typescript-win32-arm64": {
      "version": "7.0.2",
      "resolved": "https://pkgs.dev.azure.com/vcpkg/public/_packaging/vcpkg-ownersdb/npm/registry/@typescript/typescript-win32-arm64/-/typescript-win32-arm64-7.0.2.tgz",
      "integrity": "sha1-ud5QoXGWOD9iYgtfnQovNK07YNc=",
      "cpu": [
        "arm64"
      ],
      "license": "Apache-2.0",
      "optional": true,
      "os": [
        "win32"
      ],
      "engines": {
        "node": ">=16.20.0"
      }
    },
    "node_modules/@typescript/typescript-win32-x64": {
      "version": "7.0.2",
      "resolved": "https://pkgs.dev.azure.com/vcpkg/public/_packaging/vcpkg-ownersdb/npm/registry/@typescript/typescript-win32-x64/-/typescript-win32-x64-7.0.2.tgz",
      "integrity": "sha1-zzt7DWzlY12spMjgHBic3N5H7Dw=",
      "cpu": [
        "x64"
      ],
      "license": "Apache-2.0",
      "optional": true,
      "os": [
        "win32"
      ],
      "engines": {
        "node": ">=16.20.0"
      }
    },
    "node_modules/esbuild": {
      "version": "0.28.2",
      "resolved": "https://pkgs.dev.azure.com/vcpkg/public/_packaging/vcpkg-ownersdb/npm/registry/esbuild/-/esbuild-0.28.2.tgz",
      "integrity": "sha1-D0O9G62VW3LSTiJh46vllXzPCBY=",
      "hasInstallScript": true,
      "license": "MIT",
      "bin": {
        "esbuild": "bin/esbuild"
      },
      "engines": {
        "node": ">=18"
      },
      "optionalDependencies": {
        "@esbuild/aix-ppc64": "0.28.2",
        "@esbuild/android-arm": "0.28.2",
        "@esbuild/android-arm64": "0.28.2",
        "@esbuild/android-x64": "0.28.2",
        "@esbuild/darwin-arm64": "0.28.2",
        "@esbuild/darwin-x64": "0.28.2",
        "@esbuild/freebsd-arm64": "0.28.2",
        "@esbuild/freebsd-x64": "0.28.2",
        "@esbuild/linux-arm": "0.28.2",
        "@esbuild/linux-arm64": "0.28.2",
        "@esbuild/linux-ia32": "0.28.2",
        "@esbuild/linux-loong64": "0.28.2",
        "@esbuild/linux-mips64el": "0.28.2",
        "@esbuild/linux-ppc64": "0.28.2",
        "@esbuild/linux-riscv64": "0.28.2",
        "@esbuild/linux-s390x": "0.28.2",
        "@esbuild/linux-x64": "0.28.2",
        "@esbuild/netbsd-arm64": "0.28.2",
        "@esbuild/netbsd-x64": "0.28.2",
        "@esbuild/openbsd-arm64": "0.28.2",
        "@esbuild/openbsd-x64": "0.28.2",
        "@esbuild/openharmony-arm64": "0.28.2",
        "@esbuild/sunos-x64": "0.28.2",
        "@esbuild/win32-arm64": "0.28.2",
        "@esbuild/win32-ia32": "0.28.2",
        "@esbuild/win32-x64": "0.28.2"
      }
    },
    "node_modules/fsevents": {
      "version": "2.3.3",
      "resolved": "https://pkgs.dev.azure.com/vcpkg/public/_packaging/vcpkg-ownersdb/npm/registry/fsevents/-/fsevents-2.3.3.tgz",
      "integrity": "sha1-ysZAd4XQNnWipeGlMFxpezR9kNY=",
      "hasInstallScript": true,
      "license": "MIT",
      "optional": true,
      "os": [
        "darwin"
      ],
      "engines": {
        "node": "^8.16.0 || ^10.6.0 || >=11.0.0"
      }
    },
    "node_modules/pend": {
      "version": "1.2.0",
      "resolved": "https://pkgs.dev.azure.com/vcpkg/public/_packaging/vcpkg-ownersdb/npm/registry/pend/-/pend-1.2.0.tgz",
      "integrity": "sha1-elfrVQpng/kRUzH89GY9XI4AelA=",
      "license": "MIT"
    },
    "node_modules/tsx": {
      "version": "4.23.13",
      "resolved": "https://pkgs.dev.azure.com/vcpkg/public/_packaging/vcpkg-ownersdb/npm/registry/tsx/-/tsx-4.23.13.tgz",
      "integrity": "sha1-OTuN2BPUniWu17HXy6xpMNpJ7Ag=",
      "license": "MIT",
      "dependencies": {
        "esbuild": "~0.28.0"
      },
      "bin": {
        "tsx": "dist/cli.mjs"
      },
      "engines": {
        "node": ">=18.0.0"
      },
      "optionalDependencies": {
        "fsevents": "~2.3.3"
      }
    },
    "node_modules/typescript": {
      "version": "7.0.2",
      "resolved": "https://pkgs.dev.azure.com/vcpkg/public/_packaging/vcpkg-ownersdb/npm/registry/typescript/-/typescript-7.0.2.tgz",
      "integrity": "sha1-nsdz15VKjBgsF8xbvVdaoovFFYI=",
      "license": "Apache-2.0",
      "bin": {
        "tsc": "bin/tsc"
      },
      "engines": {
        "node": ">=16.20.0"
      },
      "optionalDependencies": {
        "@typescript/typescript-aix-ppc64": "7.0.2",
        "@typescript/typescript-darwin-arm64": "7.0.2",
        "@typescript/typescript-darwin-x64": "7.0.2",
        "@typescript/typescript-freebsd-arm64": "7.0.2",
        "@typescript/typescript-freebsd-x64": "7.0.2",
        "@typescript/typescript-linux-arm": "7.0.2",
        "@typescript/typescript-linux-arm64": "7.0.2",
        "@typescript/typescript-linux-loong64": "7.0.2",
        "@typescript/typescript-linux-mips64el": "7.0.2",
        "@typescript/typescript-linux-ppc64": "7.0.2",
        "@typescript/typescript-linux-riscv64": "7.0.2",
        "@typescript/typescript-linux-s390x": "7.0.2",
        "@typescript/typescript-linux-x64": "7.0.2",
        "@typescript/typescript-netbsd-arm64": "7.0.2",
        "@typescript/typescript-netbsd-x64": "7.0.2",
        "@typescript/typescript-openbsd-arm64": "7.0.2",
        "@typescript/typescript-openbsd-x64": "7.0.2",
        "@typescript/typescript-sunos-x64": "7.0.2",
        "@typescript/typescript-win32-arm64": "7.0.2",
        "@typescript/typescript-win32-x64": "7.0.2"
      }
    },
    "node_modules/undici-types": {
      "version": "7.18.2",
      "resolved": "https://pkgs.dev.azure.com/vcpkg/public/_packaging/vcpkg-ownersdb/npm/registry/undici-types/-/undici-types-7.18.2.tgz",
      "integrity": "sha1-KTV6iee3ykrvO/D9P9DNc4hCKek=",
      "dev": true,
      "license": "MIT"
    },
    "node_modules/yauzl": {
      "version": "3.4.0",
      "resolved": "https://pkgs.dev.azure.com/vcpkg/public/_packaging/vcpkg-ownersdb/npm/registry/yauzl/-/yauzl-3.4.0.tgz",
      "integrity": "sha1-iLKiFFXzfKfczy7rM7rLQ5IyJxk=",
      "license": "MIT",
      "dependencies": {
        "pend": "~1.2.0"
      },
      "engines": {
        "node": ">=12"
      }
    }
  }
}
