<?xml version="1.0" encoding="utf-8"?>
<Project ToolsVersion="4.0" xmlns="http://schemas.microsoft.com/developer/msbuild/2003">
  <ItemGroup>
    <Filter Include="Source Files">
      <UniqueIdentifier>{4FC737F1-C7A5-4376-A066-2A32D752A2FF}</UniqueIdentifier>
      <Extensions>cpp;c;cc;cxx;def;odl;idl;hpj;bat;asm;asmx</Extensions>
    </Filter>
    <Filter Include="Header Files">
      <UniqueIdentifier>{93995380-89BD-4b04-88EB-625FBE52EBFB}</UniqueIdentifier>
      <Extensions>h;hh;hpp;hxx;hm;inl;inc;xsd</Extensions>
    </Filter>
    <Filter Include="Resource Files">
      <UniqueIdentifier>{67DA6AB6-F800-4c08-8B7A-83BB121AAD01}</UniqueIdentifier>
      <Extensions>rc;ico;cur;bmp;dlg;rc2;rct;bin;rgs;gif;jpg;jpeg;jpe;resx;tiff;tif;png;wav;mfcribbon-ms</Extensions>
    </Filter>
  </ItemGroup>
  <ItemGroup>
    <ClCompile Include="..\src\SourceParagraph.cpp">
      <Filter>Source Files</Filter>
    </ClCompile>
    <ClCompile Include="..\src\BinaryParagraph.cpp">
      <Filter>Source Files</Filter>
    </ClCompile>
    <ClCompile Include="..\src\StatusParagraph.cpp">
      <Filter>Source Files</Filter>
    </ClCompile>
    <ClCompile Include="..\src\StatusParagraphs.cpp">
      <Filter>Source Files</Filter>
    </ClCompile>
    <ClCompile Include="..\src\triplet.cpp">
      <Filter>Source Files</Filter>
    </ClCompile>
    <ClCompile Include="..\src\Paragraphs.cpp">
      <Filter>Source Files</Filter>
    </ClCompile>
    <ClCompile Include="..\src\metrics.cpp">
      <Filter>Source Files</Filter>
    </ClCompile>
    <ClCompile Include="..\src\vcpkg_Input.cpp">
      <Filter>Source Files</Filter>
    </ClCompile>
    <ClCompile Include="..\src\coff_file_reader.cpp">
      <Filter>Source Files</Filter>
    </ClCompile>
    <ClCompile Include="..\src\commands_available_commands.cpp">
      <Filter>Source Files</Filter>
    </ClCompile>
    <ClCompile Include="..\src\commands_build.cpp">
      <Filter>Source Files</Filter>
    </ClCompile>
    <ClCompile Include="..\src\commands_build_external.cpp">
      <Filter>Source Files</Filter>
    </ClCompile>
    <ClCompile Include="..\src\commands_cache.cpp">
      <Filter>Source Files</Filter>
    </ClCompile>
    <ClCompile Include="..\src\commands_contact.cpp">
      <Filter>Source Files</Filter>
    </ClCompile>
    <ClCompile Include="..\src\commands_create.cpp">
      <Filter>Source Files</Filter>
    </ClCompile>
    <ClCompile Include="..\src\commands_edit.cpp">
      <Filter>Source Files</Filter>
    </ClCompile>
    <ClCompile Include="..\src\commands_hash.cpp">
      <Filter>Source Files</Filter>
    </ClCompile>
    <ClCompile Include="..\src\commands_help.cpp">
      <Filter>Source Files</Filter>
    </ClCompile>
    <ClCompile Include="..\src\commands_import.cpp">
      <Filter>Source Files</Filter>
    </ClCompile>
    <ClCompile Include="..\src\commands_install.cpp">
      <Filter>Source Files</Filter>
    </ClCompile>
    <ClCompile Include="..\src\commands_integrate.cpp">
      <Filter>Source Files</Filter>
    </ClCompile>
    <ClCompile Include="..\src\commands_list.cpp">
      <Filter>Source Files</Filter>
    </ClCompile>
    <ClCompile Include="..\src\commands_owns.cpp">
      <Filter>Source Files</Filter>
    </ClCompile>
    <ClCompile Include="..\src\commands_portsdiff.cpp">
      <Filter>Source Files</Filter>
    </ClCompile>
    <ClCompile Include="..\src\commands_remove.cpp">
      <Filter>Source Files</Filter>
    </ClCompile>
    <ClCompile Include="..\src\commands_search.cpp">
      <Filter>Source Files</Filter>
    </ClCompile>
    <ClCompile Include="..\src\commands_update.cpp">
      <Filter>Source Files</Filter>
    </ClCompile>
    <ClCompile Include="..\src\commands_version.cpp">
      <Filter>Source Files</Filter>
    </ClCompile>
    <ClCompile Include="..\src\MachineType.cpp">
      <Filter>Source Files</Filter>
    </ClCompile>
    <ClCompile Include="..\src\vcpkg_Dependencies.cpp">
      <Filter>Source Files</Filter>
    </ClCompile>
    <ClCompile Include="..\src\vcpkglib.cpp">
      <Filter>Source Files</Filter>
    </ClCompile>
    <ClCompile Include="..\src\vcpkg_System.cpp">
      <Filter>Source Files</Filter>
    </ClCompile>
    <ClCompile Include="..\src\vcpkg_Checks.cpp">
      <Filter>Source Files</Filter>
    </ClCompile>
    <ClCompile Include="..\src\vcpkg_Files.cpp">
      <Filter>Source Files</Filter>
    </ClCompile>
    <ClCompile Include="..\src\vcpkg_Strings.cpp">
      <Filter>Source Files</Filter>
    </ClCompile>
    <ClCompile Include="..\src\pch.cpp">
      <Filter>Source Files</Filter>
    </ClCompile>
    <ClCompile Include="..\src\PostBuildLint.cpp">
      <Filter>Source Files</Filter>
    </ClCompile>
    <ClCompile Include="..\src\PostBuildLint_BuildType.cpp">
      <Filter>Source Files</Filter>
    </ClCompile>
    <ClCompile Include="..\src\vcpkg_Enums.cpp">
      <Filter>Source Files</Filter>
    </ClCompile>
    <ClCompile Include="..\src\commands_ci.cpp">
      <Filter>Source Files</Filter>
    </ClCompile>
    <ClCompile Include="..\src\vcpkg_Chrono.cpp">
      <Filter>Source Files</Filter>
    </ClCompile>
    <ClCompile Include="..\src\LineInfo.cpp">
      <Filter>Source Files</Filter>
    </ClCompile>
    <ClCompile Include="..\src\commands_env.cpp">
      <Filter>Source Files</Filter>
    </ClCompile>
    <ClCompile Include="..\src\PackageSpec.cpp">
      <Filter>Source Files</Filter>
    </ClCompile>
    <ClCompile Include="..\src\PackageSpecParseResult.cpp">
      <Filter>Source Files</Filter>
    </ClCompile>
    <ClCompile Include="..\src\ParagraphParseResult.cpp">
      <Filter>Source Files</Filter>
    </ClCompile>
    <ClCompile Include="..\src\VcpkgCmdArguments.cpp">
      <Filter>Source Files</Filter>
    </ClCompile>
    <ClCompile Include="..\src\VcpkgPaths.cpp">
      <Filter>Source Files</Filter>
    </ClCompile>
    <ClCompile Include="..\src\commands_depends.cpp">
      <Filter>Source Files</Filter>
    </ClCompile>
    <ClCompile Include="..\src\commands_export.cpp">
      <Filter>Source Files</Filter>
    </ClCompile>
    <ClCompile Include="..\src\commands_export_ifw.cpp">
      <Filter>Source Files</Filter>
    </ClCompile>
    <ClCompile Include="..\src\VersionT.cpp">
      <Filter>Source Files</Filter>
    </ClCompile>
    <ClCompile Include="..\src\vcpkg_Build.cpp">
      <Filter>Source Files</Filter>
    </ClCompile>
    <ClCompile Include="..\src\vcpkg_Build_BuildPolicy.cpp">
      <Filter>Source Files</Filter>
    </ClCompile>
    <ClCompile Include="..\src\vcpkg_Parse.cpp">
      <Filter>Source Files</Filter>
    </ClCompile>
    <ClCompile Include="..\src\vcpkg_GlobalState.cpp">
      <Filter>Source Files</Filter>
    </ClCompile>
    <ClCompile Include="..\src\commands_autocomplete.cpp">
      <Filter>Source Files</Filter>
    </ClCompile>
  </ItemGroup>
  <ItemGroup>
    <ClInclude Include="..\include\SourceParagraph.h">
      <Filter>Header Files</Filter>
    </ClInclude>
    <ClInclude Include="..\include\BinaryParagraph.h">
      <Filter>Header Files</Filter>
    </ClInclude>
    <ClInclude Include="..\include\StatusParagraph.h">
      <Filter>Header Files</Filter>
    </ClInclude>
    <ClInclude Include="..\include\StatusParagraphs.h">
      <Filter>Header Files</Filter>
    </ClInclude>
    <ClInclude Include="..\include\triplet.h">
      <Filter>Header Files</Filter>
    </ClInclude>
    <ClInclude Include="..\include\Paragraphs.h">
      <Filter>Header Files</Filter>
    </ClInclude>
    <ClInclude Include="..\include\metrics.h">
      <Filter>Header Files</Filter>
    </ClInclude>
    <ClInclude Include="..\include\vcpkg_Input.h">
      <Filter>Header Files</Filter>
    </ClInclude>
    <ClInclude Include="..\include\coff_file_reader.h">
      <Filter>Header Files</Filter>
    </ClInclude>
    <ClInclude Include="..\include\filesystem_fs.h">
      <Filter>Header Files</Filter>
    </ClInclude>
    <ClInclude Include="..\include\MachineType.h">
      <Filter>Header Files</Filter>
    </ClInclude>
    <ClInclude Include="..\include\vcpkg_Commands.h">
      <Filter>Header Files</Filter>
    </ClInclude>
    <ClInclude Include="..\include\vcpkg_Commands_Export.h">
      <Filter>Header Files</Filter>
    </ClInclude>
    <ClInclude Include="..\include\vcpkg_Commands_Export_IFW.h">
      <Filter>Header Files</Filter>
    </ClInclude>
    <ClInclude Include="..\include\vcpkg_Dependencies.h">
      <Filter>Header Files</Filter>
    </ClInclude>
    <ClInclude Include="..\include\vcpkglib.h">
      <Filter>Header Files</Filter>
    </ClInclude>
    <ClInclude Include="..\include\vcpkg_Checks.h">
      <Filter>Header Files</Filter>
    </ClInclude>
    <ClInclude Include="..\include\vcpkg_Files.h">
      <Filter>Header Files</Filter>
    </ClInclude>
    <ClInclude Include="..\include\vcpkg_Graphs.h">
      <Filter>Header Files</Filter>
    </ClInclude>
    <ClInclude Include="..\include\vcpkg_Maps.h">
      <Filter>Header Files</Filter>
    </ClInclude>
    <ClInclude Include="..\include\vcpkg_Strings.h">
      <Filter>Header Files</Filter>
    </ClInclude>
    <ClInclude Include="..\include\vcpkg_System.h">
      <Filter>Header Files</Filter>
    </ClInclude>
    <ClInclude Include="..\include\pch.h">
      <Filter>Header Files</Filter>
    </ClInclude>
    <ClInclude Include="..\include\vcpkg_optional.h">
      <Filter>Header Files</Filter>
    </ClInclude>
    <ClInclude Include="..\include\PostBuildLint.h">
      <Filter>Header Files</Filter>
    </ClInclude>
    <ClInclude Include="..\include\vcpkg_Enums.h">
      <Filter>Header Files</Filter>
    </ClInclude>
    <ClInclude Include="..\include\vcpkg_Chrono.h">
      <Filter>Header Files</Filter>
    </ClInclude>
    <ClInclude Include="..\include\lazy.h">
      <Filter>Header Files</Filter>
    </ClInclude>
    <ClInclude Include="..\include\LineInfo.h">
      <Filter>Header Files</Filter>
    </ClInclude>
    <ClInclude Include="..\include\vcpkg_expected.h">
      <Filter>Header Files</Filter>
    </ClInclude>
    <ClInclude Include="..\include\vcpkg_Util.h">
      <Filter>Header Files</Filter>
    </ClInclude>
    <ClInclude Include="..\include\SortedVector.h">
      <Filter>Header Files</Filter>
    </ClInclude>
    <ClInclude Include="..\include\CStringView.h">
      <Filter>Header Files</Filter>
    </ClInclude>
    <ClInclude Include="..\include\PackageSpec.h">
      <Filter>Header Files</Filter>
    </ClInclude>
    <ClInclude Include="..\include\PackageSpecParseResult.h">
      <Filter>Header Files</Filter>
    </ClInclude>
    <ClInclude Include="..\include\ParagraphParseResult.h">
      <Filter>Header Files</Filter>
    </ClInclude>
    <ClInclude Include="..\include\VcpkgCmdArguments.h">
      <Filter>Header Files</Filter>
    </ClInclude>
    <ClInclude Include="..\include\VersionT.h">
      <Filter>Header Files</Filter>
    </ClInclude>
    <ClInclude Include="..\include\VcpkgPaths.h">
      <Filter>Header Files</Filter>
    </ClInclude>
    <ClInclude Include="..\include\vcpkg_Build.h">
      <Filter>Header Files</Filter>
    </ClInclude>
    <ClInclude Include="..\include\PostBuildLint_BuildType.h">
      <Filter>Header Files</Filter>
    </ClInclude>
    <ClInclude Include="..\include\Span.h">
      <Filter>Header Files</Filter>
    </ClInclude>
    <ClInclude Include="..\include\vcpkg_Parse.h">
      <Filter>Header Files</Filter>
    </ClInclude>
    <ClInclude Include="..\include\vcpkg_GlobalState.h">
      <Filter>Header Files</Filter>
    </ClInclude>
  </ItemGroup>
</Project>