
Microsoft Visual Studio Solution File, Format Version 12.00
# Visual Studio 14
VisualStudioVersion = 14.0.25420.1
MinimumVisualStudioVersion = 10.0.40219.1
Project("{8BC9CEB8-8B4A-11D0-8D11-00A0C91BC942}") = "vcpkg", "vcpkg\vcpkg.vcxproj", "{34671B80-54F9-46F5-8310-AC429C11D4FB}"
EndProject
Project("{8BC9CEB8-8B4A-11D0-8D11-00A0C91BC942}") = "vcpkglib", "vcpkglib\vcpkglib.vcxproj", "{B98C92B7-2874-4537-9D46-D14E5C237F04}"
EndProject
Project("{8BC9CEB8-8B4A-11D0-8D11-00A0C91BC942}") = "vcpkgmetricsuploader", "vcpkgmetricsuploader\vcpkgmetricsuploader.vcxproj", "{7D6FDEEB-B299-4A23-85EE-F67C4DED47BE}"
EndProject
Project("{8BC9CEB8-8B4A-11D0-8D11-00A0C91BC942}") = "vcpkgtest", "vcpkgtest\vcpkgtest.vcxproj", "{F27B8DB0-1279-4AF8-A2E3-1D49C4F0220D}"
EndProject
Project("{2150E333-8FDC-42A3-9474-1A3956D46DE8}") = "scripts", "scripts", "{F5893B21-EA71-4432-84D6-5FB0E0461A2A}"
	ProjectSection(SolutionItems) = preProject
		..\scripts\bootstrap.ps1 = ..\scripts\bootstrap.ps1
		..\scripts\get_triplet_environment.cmake = ..\scripts\get_triplet_environment.cmake
		..\scripts\internalCI.ps1 = ..\scripts\internalCI.ps1
		..\scripts\ports.cmake = ..\scripts\ports.cmake
		..\scripts\vcpkgTools.xml = ..\scripts\vcpkgTools.xml
	EndProjectSection
EndProject
Project("{2150E333-8FDC-42A3-9474-1A3956D46DE8}") = "cmake", "cmake", "{A0122231-04D5-420B-81CA-7960946E5E65}"
	ProjectSection(SolutionItems) = preProject
		..\scripts\cmake\vcpkg_acquire_msys.cmake = ..\scripts\cmake\vcpkg_acquire_msys.cmake
		..\scripts\cmake\vcpkg_apply_patches.cmake = ..\scripts\cmake\vcpkg_apply_patches.cmake
		..\scripts\cmake\vcpkg_build_cmake.cmake = ..\scripts\cmake\vcpkg_build_cmake.cmake
		..\scripts\cmake\vcpkg_build_msbuild.cmake = ..\scripts\cmake\vcpkg_build_msbuild.cmake
		..\scripts\cmake\vcpkg_build_qmake.cmake = ..\scripts\cmake\vcpkg_build_qmake.cmake
		..\scripts\cmake\vcpkg_common_functions.cmake = ..\scripts\cmake\vcpkg_common_functions.cmake
		..\scripts\cmake\vcpkg_configure_cmake.cmake = ..\scripts\cmake\vcpkg_configure_cmake.cmake
		..\scripts\cmake\vcpkg_configure_meson.cmake = ..\scripts\cmake\vcpkg_configure_meson.cmake
		..\scripts\cmake\vcpkg_configure_qmake.cmake = ..\scripts\cmake\vcpkg_configure_qmake.cmake
		..\scripts\cmake\vcpkg_copy_pdbs.cmake = ..\scripts\cmake\vcpkg_copy_pdbs.cmake
		..\scripts\cmake\vcpkg_copy_tool_dependencies.cmake = ..\scripts\cmake\vcpkg_copy_tool_dependencies.cmake
		..\scripts\cmake\vcpkg_download_distfile.cmake = ..\scripts\cmake\vcpkg_download_distfile.cmake
		..\scripts\cmake\vcpkg_execute_required_process.cmake = ..\scripts\cmake\vcpkg_execute_required_process.cmake
		..\scripts\cmake\vcpkg_execute_required_process_repeat.cmake = ..\scripts\cmake\vcpkg_execute_required_process_repeat.cmake
		..\scripts\cmake\vcpkg_extract_source_archive.cmake = ..\scripts\cmake\vcpkg_extract_source_archive.cmake
		..\scripts\cmake\vcpkg_find_acquire_program.cmake = ..\scripts\cmake\vcpkg_find_acquire_program.cmake
		..\scripts\cmake\vcpkg_fixup_cmake_targets.cmake = ..\scripts\cmake\vcpkg_fixup_cmake_targets.cmake
		..\scripts\cmake\vcpkg_from_bitbucket.cmake = ..\scripts\cmake\vcpkg_from_bitbucket.cmake
		..\scripts\cmake\vcpkg_from_github.cmake = ..\scripts\cmake\vcpkg_from_github.cmake
		..\scripts\cmake\vcpkg_get_program_files_32_bit.cmake = ..\scripts\cmake\vcpkg_get_program_files_32_bit.cmake
		..\scripts\cmake\vcpkg_get_program_files_platform_bitness.cmake = ..\scripts\cmake\vcpkg_get_program_files_platform_bitness.cmake
		..\scripts\cmake\vcpkg_get_windows_sdk.cmake = ..\scripts\cmake\vcpkg_get_windows_sdk.cmake
		..\scripts\cmake\vcpkg_install_cmake.cmake = ..\scripts\cmake\vcpkg_install_cmake.cmake
		..\scripts\cmake\vcpkg_install_meson.cmake = ..\scripts\cmake\vcpkg_install_meson.cmake
	EndProjectSection
EndProject
Project("{2150E333-8FDC-42A3-9474-1A3956D46DE8}") = "Solution Items", "Solution Items", "{BCE555DF-F471-4ACC-98E5-76CBE8E8F79E}"
	ProjectSection(SolutionItems) = preProject
		vcpkg.natvis = vcpkg.natvis
	EndProjectSection
EndProject
Global
	GlobalSection(SolutionConfigurationPlatforms) = preSolution
		Debug|x64 = Debug|x64
		Debug|x86 = Debug|x86
		Release|x64 = Release|x64
		Release|x86 = Release|x86
	EndGlobalSection
	GlobalSection(ProjectConfigurationPlatforms) = postSolution
		{34671B80-54F9-46F5-8310-AC429C11D4FB}.Debug|x64.ActiveCfg = Debug|x64
		{34671B80-54F9-46F5-8310-AC429C11D4FB}.Debug|x64.Build.0 = Debug|x64
		{34671B80-54F9-46F5-8310-AC429C11D4FB}.Debug|x86.ActiveCfg = Debug|Win32
		{34671B80-54F9-46F5-8310-AC429C11D4FB}.Debug|x86.Build.0 = Debug|Win32
		{34671B80-54F9-46F5-8310-AC429C11D4FB}.Release|x64.ActiveCfg = Release|x64
		{34671B80-54F9-46F5-8310-AC429C11D4FB}.Release|x64.Build.0 = Release|x64
		{34671B80-54F9-46F5-8310-AC429C11D4FB}.Release|x86.ActiveCfg = Release|Win32
		{34671B80-54F9-46F5-8310-AC429C11D4FB}.Release|x86.Build.0 = Release|Win32
		{B98C92B7-2874-4537-9D46-D14E5C237F04}.Debug|x64.ActiveCfg = Debug|x64
		{B98C92B7-2874-4537-9D46-D14E5C237F04}.Debug|x64.Build.0 = Debug|x64
		{B98C92B7-2874-4537-9D46-D14E5C237F04}.Debug|x86.ActiveCfg = Debug|Win32
		{B98C92B7-2874-4537-9D46-D14E5C237F04}.Debug|x86.Build.0 = Debug|Win32
		{B98C92B7-2874-4537-9D46-D14E5C237F04}.Release|x64.ActiveCfg = Release|x64
		{B98C92B7-2874-4537-9D46-D14E5C237F04}.Release|x64.Build.0 = Release|x64
		{B98C92B7-2874-4537-9D46-D14E5C237F04}.Release|x86.ActiveCfg = Release|Win32
		{B98C92B7-2874-4537-9D46-D14E5C237F04}.Release|x86.Build.0 = Release|Win32
		{7D6FDEEB-B299-4A23-85EE-F67C4DED47BE}.Debug|x64.ActiveCfg = Debug|x64
		{7D6FDEEB-B299-4A23-85EE-F67C4DED47BE}.Debug|x64.Build.0 = Debug|x64
		{7D6FDEEB-B299-4A23-85EE-F67C4DED47BE}.Debug|x86.ActiveCfg = Debug|Win32
		{7D6FDEEB-B299-4A23-85EE-F67C4DED47BE}.Debug|x86.Build.0 = Debug|Win32
		{7D6FDEEB-B299-4A23-85EE-F67C4DED47BE}.Release|x64.ActiveCfg = Release|x64
		{7D6FDEEB-B299-4A23-85EE-F67C4DED47BE}.Release|x64.Build.0 = Release|x64
		{7D6FDEEB-B299-4A23-85EE-F67C4DED47BE}.Release|x86.ActiveCfg = Release|Win32
		{7D6FDEEB-B299-4A23-85EE-F67C4DED47BE}.Release|x86.Build.0 = Release|Win32
		{F27B8DB0-1279-4AF8-A2E3-1D49C4F0220D}.Debug|x64.ActiveCfg = Debug|x64
		{F27B8DB0-1279-4AF8-A2E3-1D49C4F0220D}.Debug|x64.Build.0 = Debug|x64
		{F27B8DB0-1279-4AF8-A2E3-1D49C4F0220D}.Debug|x86.ActiveCfg = Debug|Win32
		{F27B8DB0-1279-4AF8-A2E3-1D49C4F0220D}.Debug|x86.Build.0 = Debug|Win32
		{F27B8DB0-1279-4AF8-A2E3-1D49C4F0220D}.Release|x64.ActiveCfg = Release|x64
		{F27B8DB0-1279-4AF8-A2E3-1D49C4F0220D}.Release|x64.Build.0 = Release|x64
		{F27B8DB0-1279-4AF8-A2E3-1D49C4F0220D}.Release|x86.ActiveCfg = Release|Win32
		{F27B8DB0-1279-4AF8-A2E3-1D49C4F0220D}.Release|x86.Build.0 = Release|Win32
	EndGlobalSection
	GlobalSection(SolutionProperties) = preSolution
		HideSolutionNode = FALSE
	EndGlobalSection
	GlobalSection(NestedProjects) = preSolution
		{A0122231-04D5-420B-81CA-7960946E5E65} = {F5893B21-EA71-4432-84D6-5FB0E0461A2A}
	EndGlobalSection
	GlobalSection(ExtensibilityGlobals) = postSolution
		SolutionGuid = {DEDCC7AF-0FE6-4387-9FFE-495D6C1AEE1B}
	EndGlobalSection
EndGlobal
