
Microsoft Visual Studio Solution File, Format Version 12.00
# Visual Studio 14
VisualStudioVersion = 14.0.25420.1
MinimumVisualStudioVersion = 10.0.40219.1
Project("{8BC9CEB8-8B4A-11D0-8D11-00A0C91BC942}") = "soapcpp2", "soapcpp2\soapcpp2.vcxproj", "{BDD1B293-CE39-4BEC-8E63-8B1621F3EB56}"
EndProject
Global
	GlobalSection(SolutionConfigurationPlatforms) = preSolution
		Debug|Win32 = Debug|Win32
		Release|Win32 = Release|Win32
	EndGlobalSection
	GlobalSection(ProjectConfigurationPlatforms) = postSolution
		{BDD1B293-CE39-4BEC-8E63-8B1621F3EB56}.Debug|Win32.ActiveCfg = Debug|Win32
		{BDD1B293-CE39-4BEC-8E63-8B1621F3EB56}.Debug|Win32.Build.0 = Debug|Win32
		{BDD1B293-CE39-4BEC-8E63-8B1621F3EB56}.Release|Win32.ActiveCfg = Release|Win32
		{BDD1B293-CE39-4BEC-8E63-8B1621F3EB56}.Release|Win32.Build.0 = Release|Win32
	EndGlobalSection
	GlobalSection(SolutionProperties) = preSolution
		HideSolutionNode = FALSE
	EndGlobalSection
EndGlobal
