
Microsoft Visual Studio Solution File, Format Version 12.00
# Visual Studio 14
VisualStudioVersion = 14.0.25420.1
MinimumVisualStudioVersion = 10.0.40219.1
Project("{8BC9CEB8-8B4A-11D0-8D11-00A0C91BC942}") = "wsdl2h", "wsdl2h\wsdl2h.vcxproj", "{6CBC554A-4FFB-461F-91D4-11B358802815}"
EndProject
Global
	GlobalSection(SolutionConfigurationPlatforms) = preSolution
		Debug|Win32 = Debug|Win32
		Release|Win32 = Release|Win32
	EndGlobalSection
	GlobalSection(ProjectConfigurationPlatforms) = postSolution
		{6CBC554A-4FFB-461F-91D4-11B358802815}.Debug|Win32.ActiveCfg = Debug|Win32
		{6CBC554A-4FFB-461F-91D4-11B358802815}.Debug|Win32.Build.0 = Debug|Win32
		{6CBC554A-4FFB-461F-91D4-11B358802815}.Release|Win32.ActiveCfg = Release|Win32
		{6CBC554A-4FFB-461F-91D4-11B358802815}.Release|Win32.Build.0 = Release|Win32
	EndGlobalSection
	GlobalSection(SolutionProperties) = preSolution
		HideSolutionNode = FALSE
	EndGlobalSection
EndGlobal
